// !$*UTF8*$!
{
	archiveVersion = 1;
	classes = {
	};
	objectVersion = 56;
	objects = {

/* Begin PBXBuildFile section */
		1E16F1A229F7E46400F7682B /* SnapKit in Frameworks */ = {isa = PBXBuildFile; productRef = 1E16F1A129F7E46400F7682B /* SnapKit */; };
		1E16F1A529F7F4B400F7682B /* Apollo in Frameworks */ = {isa = PBXBuildFile; productRef = 1E16F1A429F7F4B400F7682B /* Apollo */; };
		1E78488629F7CAED00D941C1 /* AppDelegate.swift in Sources */ = {isa = PBXBuildFile; fileRef = 1E78488529F7CAED00D941C1 /* AppDelegate.swift */; };
		1E78488829F7CAED00D941C1 /* SceneDelegate.swift in Sources */ = {isa = PBXBuildFile; fileRef = 1E78488729F7CAED00D941C1 /* SceneDelegate.swift */; };
		1E78488F29F7CAEF00D941C1 /* Assets.xcassets in Resources */ = {isa = PBXBuildFile; fileRef = 1E78488E29F7CAEF00D941C1 /* Assets.xcassets */; };
		1E78489229F7CAEF00D941C1 /* LaunchScreen.storyboard in Resources */ = {isa = PBXBuildFile; fileRef = 1E78489029F7CAEF00D941C1 /* LaunchScreen.storyboard */; };
		1E78489D29F7CAF000D941C1 /* StarwarsTests.swift in Sources */ = {isa = PBXBuildFile; fileRef = 1E78489C29F7CAF000D941C1 /* StarwarsTests.swift */; };
		1E7848A729F7CAF000D941C1 /* StarwarsUITests.swift in Sources */ = {isa = PBXBuildFile; fileRef = 1E7848A629F7CAF000D941C1 /* StarwarsUITests.swift */; };
		1E7848A929F7CAF000D941C1 /* StarwarsUITestsLaunchTests.swift in Sources */ = {isa = PBXBuildFile; fileRef = 1E7848A829F7CAF000D941C1 /* StarwarsUITestsLaunchTests.swift */; };
		1E7848BC29F7CD7900D941C1 /* ComposableArchitecture in Frameworks */ = {isa = PBXBuildFile; productRef = 1E7848BB29F7CD7900D941C1 /* ComposableArchitecture */; };
		1E7848BE29F7D19400D941C1 /* TabBarController.swift in Sources */ = {isa = PBXBuildFile; fileRef = 1E7848BD29F7D19400D941C1 /* TabBarController.swift */; };
		1E7848C029F7D25900D941C1 /* MenuViewController.swift in Sources */ = {isa = PBXBuildFile; fileRef = 1E7848BF29F7D25900D941C1 /* MenuViewController.swift */; };
		1E7848C229F7D26B00D941C1 /* FavoriteViewController.swift in Sources */ = {isa = PBXBuildFile; fileRef = 1E7848C129F7D26B00D941C1 /* FavoriteViewController.swift */; };
		1E91C5B629FA71C4008288A0 /* FilmsListView.swift in Sources */ = {isa = PBXBuildFile; fileRef = 1E91C5B529FA71C4008288A0 /* FilmsListView.swift */; };
		1E91C5B829FA7256008288A0 /* FilmsListViewViewModal.swift in Sources */ = {isa = PBXBuildFile; fileRef = 1E91C5B729FA7256008288A0 /* FilmsListViewViewModal.swift */; };
		1E91C5BA29FA9024008288A0 /* FilmsCollectionViewCellViewModal.swift in Sources */ = {isa = PBXBuildFile; fileRef = 1E91C5B929FA9024008288A0 /* FilmsCollectionViewCellViewModal.swift */; };
		1E91C5BC29FA9200008288A0 /* FilmsCollectionViewCell.swift in Sources */ = {isa = PBXBuildFile; fileRef = 1E91C5BB29FA9200008288A0 /* FilmsCollectionViewCell.swift */; };
		1E91C5BE29FAAEC8008288A0 /* Film.swift in Sources */ = {isa = PBXBuildFile; fileRef = 1E91C5BD29FAAEC8008288A0 /* Film.swift */; };
		1EE37A2D29F91CFF0082DCD0 /* GetAllFilms.graphql in Resources */ = {isa = PBXBuildFile; fileRef = 1EE37A2829F91CFF0082DCD0 /* GetAllFilms.graphql */; };
		1EE37A2F29F91CFF0082DCD0 /* apollo-codegen-config.json in Resources */ = {isa = PBXBuildFile; fileRef = 1EE37A2A29F91CFF0082DCD0 /* apollo-codegen-config.json */; };
		1EE37A3129F91CFF0082DCD0 /* star-wars-swapi@current.graphqls in Resources */ = {isa = PBXBuildFile; fileRef = 1EE37A2C29F91CFF0082DCD0 /* star-wars-swapi@current.graphqls */; };
		1EFAEDDD29F80E490013022F /* Network.swift in Sources */ = {isa = PBXBuildFile; fileRef = 1EFAEDDC29F80E490013022F /* Network.swift */; };
		234C8D1829F925EF0004AFA5 /* GetAllFilmsQuery.graphql.swift in Resources */ = {isa = PBXBuildFile; fileRef = 23AE4CF229F9255900E09B3A /* GetAllFilmsQuery.graphql.swift */; };
		23AE4D0329F9255900E09B3A /* GetAllFilmsQuery.graphql.swift in Sources */ = {isa = PBXBuildFile; fileRef = 23AE4CF229F9255900E09B3A /* GetAllFilmsQuery.graphql.swift */; };
		23AE4D0429F9255900E09B3A /* Species.graphql.swift in Sources */ = {isa = PBXBuildFile; fileRef = 23AE4CF529F9255900E09B3A /* Species.graphql.swift */; };
		23AE4D0529F9255900E09B3A /* Person.graphql.swift in Sources */ = {isa = PBXBuildFile; fileRef = 23AE4CF629F9255900E09B3A /* Person.graphql.swift */; };
		23AE4D0629F9255900E09B3A /* Root.graphql.swift in Sources */ = {isa = PBXBuildFile; fileRef = 23AE4CF729F9255900E09B3A /* Root.graphql.swift */; };
		23AE4D0729F9255900E09B3A /* FilmsConnection.graphql.swift in Sources */ = {isa = PBXBuildFile; fileRef = 23AE4CF829F9255900E09B3A /* FilmsConnection.graphql.swift */; };
		23AE4D0829F9255900E09B3A /* Starship.graphql.swift in Sources */ = {isa = PBXBuildFile; fileRef = 23AE4CF929F9255900E09B3A /* Starship.graphql.swift */; };
		23AE4D0A29F9255900E09B3A /* Planet.graphql.swift in Sources */ = {isa = PBXBuildFile; fileRef = 23AE4CFB29F9255900E09B3A /* Planet.graphql.swift */; };
		23AE4D0B29F9255900E09B3A /* Vehicle.graphql.swift in Sources */ = {isa = PBXBuildFile; fileRef = 23AE4CFC29F9255900E09B3A /* Vehicle.graphql.swift */; };
		23AE4D0C29F9255900E09B3A /* Film.graphql.swift in Sources */ = {isa = PBXBuildFile; fileRef = 23AE4CFD29F9255900E09B3A /* Film.graphql.swift */; };
		23AE4D0D29F9255900E09B3A /* SchemaConfiguration.swift in Sources */ = {isa = PBXBuildFile; fileRef = 23AE4CFE29F9255900E09B3A /* SchemaConfiguration.swift */; };
		23AE4D0E29F9255900E09B3A /* SchemaMetadata.graphql.swift in Sources */ = {isa = PBXBuildFile; fileRef = 23AE4CFF29F9255900E09B3A /* SchemaMetadata.graphql.swift */; };
		23AE4D0F29F9255900E09B3A /* Node.graphql.swift in Sources */ = {isa = PBXBuildFile; fileRef = 23AE4D0129F9255900E09B3A /* Node.graphql.swift */; };
		23AE4D1029F9255900E09B3A /* GraphQL.graphql.swift in Sources */ = {isa = PBXBuildFile; fileRef = 23AE4D0229F9255900E09B3A /* GraphQL.graphql.swift */; };
/* End PBXBuildFile section */

/* Begin PBXContainerItemProxy section */
		1E78489929F7CAF000D941C1 /* PBXContainerItemProxy */ = {
			isa = PBXContainerItemProxy;
			containerPortal = 1E78487A29F7CAED00D941C1 /* Project object */;
			proxyType = 1;
			remoteGlobalIDString = 1E78488129F7CAED00D941C1;
			remoteInfo = Starwars;
		};
		1E7848A329F7CAF000D941C1 /* PBXContainerItemProxy */ = {
			isa = PBXContainerItemProxy;
			containerPortal = 1E78487A29F7CAED00D941C1 /* Project object */;
			proxyType = 1;
			remoteGlobalIDString = 1E78488129F7CAED00D941C1;
			remoteInfo = Starwars;
		};
/* End PBXContainerItemProxy section */

/* Begin PBXFileReference section */
		1E78488229F7CAED00D941C1 /* Starwars.app */ = {isa = PBXFileReference; explicitFileType = wrapper.application; includeInIndex = 0; path = Starwars.app; sourceTree = BUILT_PRODUCTS_DIR; };
		1E78488529F7CAED00D941C1 /* AppDelegate.swift */ = {isa = PBXFileReference; lastKnownFileType = sourcecode.swift; path = AppDelegate.swift; sourceTree = "<group>"; };
		1E78488729F7CAED00D941C1 /* SceneDelegate.swift */ = {isa = PBXFileReference; lastKnownFileType = sourcecode.swift; path = SceneDelegate.swift; sourceTree = "<group>"; };
		1E78488E29F7CAEF00D941C1 /* Assets.xcassets */ = {isa = PBXFileReference; lastKnownFileType = folder.assetcatalog; path = Assets.xcassets; sourceTree = "<group>"; };
		1E78489129F7CAEF00D941C1 /* Base */ = {isa = PBXFileReference; lastKnownFileType = file.storyboard; name = Base; path = Base.lproj/LaunchScreen.storyboard; sourceTree = "<group>"; };
		1E78489329F7CAEF00D941C1 /* Info.plist */ = {isa = PBXFileReference; lastKnownFileType = text.plist.xml; path = Info.plist; sourceTree = "<group>"; };
		1E78489829F7CAF000D941C1 /* StarwarsTests.xctest */ = {isa = PBXFileReference; explicitFileType = wrapper.cfbundle; includeInIndex = 0; path = StarwarsTests.xctest; sourceTree = BUILT_PRODUCTS_DIR; };
		1E78489C29F7CAF000D941C1 /* StarwarsTests.swift */ = {isa = PBXFileReference; lastKnownFileType = sourcecode.swift; path = StarwarsTests.swift; sourceTree = "<group>"; };
		1E7848A229F7CAF000D941C1 /* StarwarsUITests.xctest */ = {isa = PBXFileReference; explicitFileType = wrapper.cfbundle; includeInIndex = 0; path = StarwarsUITests.xctest; sourceTree = BUILT_PRODUCTS_DIR; };
		1E7848A629F7CAF000D941C1 /* StarwarsUITests.swift */ = {isa = PBXFileReference; lastKnownFileType = sourcecode.swift; path = StarwarsUITests.swift; sourceTree = "<group>"; };
		1E7848A829F7CAF000D941C1 /* StarwarsUITestsLaunchTests.swift */ = {isa = PBXFileReference; lastKnownFileType = sourcecode.swift; path = StarwarsUITestsLaunchTests.swift; sourceTree = "<group>"; };
		1E7848BD29F7D19400D941C1 /* TabBarController.swift */ = {isa = PBXFileReference; lastKnownFileType = sourcecode.swift; path = TabBarController.swift; sourceTree = "<group>"; };
		1E7848BF29F7D25900D941C1 /* MenuViewController.swift */ = {isa = PBXFileReference; lastKnownFileType = sourcecode.swift; path = MenuViewController.swift; sourceTree = "<group>"; };
		1E7848C129F7D26B00D941C1 /* FavoriteViewController.swift */ = {isa = PBXFileReference; lastKnownFileType = sourcecode.swift; path = FavoriteViewController.swift; sourceTree = "<group>"; };
		1E91C5B529FA71C4008288A0 /* FilmsListView.swift */ = {isa = PBXFileReference; lastKnownFileType = sourcecode.swift; path = FilmsListView.swift; sourceTree = "<group>"; };
		1E91C5B729FA7256008288A0 /* FilmsListViewViewModal.swift */ = {isa = PBXFileReference; lastKnownFileType = sourcecode.swift; path = FilmsListViewViewModal.swift; sourceTree = "<group>"; };
		1E91C5B929FA9024008288A0 /* FilmsCollectionViewCellViewModal.swift */ = {isa = PBXFileReference; lastKnownFileType = sourcecode.swift; path = FilmsCollectionViewCellViewModal.swift; sourceTree = "<group>"; };
		1E91C5BB29FA9200008288A0 /* FilmsCollectionViewCell.swift */ = {isa = PBXFileReference; lastKnownFileType = sourcecode.swift; path = FilmsCollectionViewCell.swift; sourceTree = "<group>"; };
		1E91C5BD29FAAEC8008288A0 /* Film.swift */ = {isa = PBXFileReference; fileEncoding = 4; lastKnownFileType = sourcecode.swift; path = Film.swift; sourceTree = "<group>"; };
		1EE37A2829F91CFF0082DCD0 /* GetAllFilms.graphql */ = {isa = PBXFileReference; fileEncoding = 4; lastKnownFileType = text; path = GetAllFilms.graphql; sourceTree = "<group>"; };
		1EE37A2A29F91CFF0082DCD0 /* apollo-codegen-config.json */ = {isa = PBXFileReference; fileEncoding = 4; lastKnownFileType = text.json; path = "apollo-codegen-config.json"; sourceTree = "<group>"; };
		1EE37A2C29F91CFF0082DCD0 /* star-wars-swapi@current.graphqls */ = {isa = PBXFileReference; fileEncoding = 4; lastKnownFileType = text; path = "star-wars-swapi@current.graphqls"; sourceTree = "<group>"; };
		1EFAEDDC29F80E490013022F /* Network.swift */ = {isa = PBXFileReference; lastKnownFileType = sourcecode.swift; path = Network.swift; sourceTree = "<group>"; };
		23AE4CF229F9255900E09B3A /* GetAllFilmsQuery.graphql.swift */ = {isa = PBXFileReference; fileEncoding = 4; lastKnownFileType = sourcecode.swift; path = GetAllFilmsQuery.graphql.swift; sourceTree = "<group>"; };
		23AE4CF529F9255900E09B3A /* Species.graphql.swift */ = {isa = PBXFileReference; fileEncoding = 4; lastKnownFileType = sourcecode.swift; path = Species.graphql.swift; sourceTree = "<group>"; };
		23AE4CF629F9255900E09B3A /* Person.graphql.swift */ = {isa = PBXFileReference; fileEncoding = 4; lastKnownFileType = sourcecode.swift; path = Person.graphql.swift; sourceTree = "<group>"; };
		23AE4CF729F9255900E09B3A /* Root.graphql.swift */ = {isa = PBXFileReference; fileEncoding = 4; lastKnownFileType = sourcecode.swift; path = Root.graphql.swift; sourceTree = "<group>"; };
		23AE4CF829F9255900E09B3A /* FilmsConnection.graphql.swift */ = {isa = PBXFileReference; fileEncoding = 4; lastKnownFileType = sourcecode.swift; path = FilmsConnection.graphql.swift; sourceTree = "<group>"; };
		23AE4CF929F9255900E09B3A /* Starship.graphql.swift */ = {isa = PBXFileReference; fileEncoding = 4; lastKnownFileType = sourcecode.swift; path = Starship.graphql.swift; sourceTree = "<group>"; };
		23AE4CFB29F9255900E09B3A /* Planet.graphql.swift */ = {isa = PBXFileReference; fileEncoding = 4; lastKnownFileType = sourcecode.swift; path = Planet.graphql.swift; sourceTree = "<group>"; };
		23AE4CFC29F9255900E09B3A /* Vehicle.graphql.swift */ = {isa = PBXFileReference; fileEncoding = 4; lastKnownFileType = sourcecode.swift; path = Vehicle.graphql.swift; sourceTree = "<group>"; };
		23AE4CFD29F9255900E09B3A /* Film.graphql.swift */ = {isa = PBXFileReference; fileEncoding = 4; lastKnownFileType = sourcecode.swift; path = Film.graphql.swift; sourceTree = "<group>"; };
		23AE4CFE29F9255900E09B3A /* SchemaConfiguration.swift */ = {isa = PBXFileReference; fileEncoding = 4; lastKnownFileType = sourcecode.swift; path = SchemaConfiguration.swift; sourceTree = "<group>"; };
		23AE4CFF29F9255900E09B3A /* SchemaMetadata.graphql.swift */ = {isa = PBXFileReference; fileEncoding = 4; lastKnownFileType = sourcecode.swift; path = SchemaMetadata.graphql.swift; sourceTree = "<group>"; };
		23AE4D0129F9255900E09B3A /* Node.graphql.swift */ = {isa = PBXFileReference; fileEncoding = 4; lastKnownFileType = sourcecode.swift; path = Node.graphql.swift; sourceTree = "<group>"; };
		23AE4D0229F9255900E09B3A /* GraphQL.graphql.swift */ = {isa = PBXFileReference; fileEncoding = 4; lastKnownFileType = sourcecode.swift; path = GraphQL.graphql.swift; sourceTree = "<group>"; };
/* End PBXFileReference section */

/* Begin PBXFrameworksBuildPhase section */
		1E78487F29F7CAED00D941C1 /* Frameworks */ = {
			isa = PBXFrameworksBuildPhase;
			buildActionMask = 2147483647;
			files = (
				1E7848BC29F7CD7900D941C1 /* ComposableArchitecture in Frameworks */,
				1E16F1A529F7F4B400F7682B /* Apollo in Frameworks */,
				1E16F1A229F7E46400F7682B /* SnapKit in Frameworks */,
			);
			runOnlyForDeploymentPostprocessing = 0;
		};
		1E78489529F7CAF000D941C1 /* Frameworks */ = {
			isa = PBXFrameworksBuildPhase;
			buildActionMask = 2147483647;
			files = (
			);
			runOnlyForDeploymentPostprocessing = 0;
		};
		1E78489F29F7CAF000D941C1 /* Frameworks */ = {
			isa = PBXFrameworksBuildPhase;
			buildActionMask = 2147483647;
			files = (
			);
			runOnlyForDeploymentPostprocessing = 0;
		};
/* End PBXFrameworksBuildPhase section */

/* Begin PBXGroup section */
		1E78487929F7CAED00D941C1 = {
			isa = PBXGroup;
			children = (
				1E78488429F7CAED00D941C1 /* Starwars */,
				1E78489B29F7CAF000D941C1 /* StarwarsTests */,
				1E7848A529F7CAF000D941C1 /* StarwarsUITests */,
				1E78488329F7CAED00D941C1 /* Products */,
			);
			sourceTree = "<group>";
		};
		1E78488329F7CAED00D941C1 /* Products */ = {
			isa = PBXGroup;
			children = (
				1E78488229F7CAED00D941C1 /* Starwars.app */,
				1E78489829F7CAF000D941C1 /* StarwarsTests.xctest */,
				1E7848A229F7CAF000D941C1 /* StarwarsUITests.xctest */,
			);
			name = Products;
			sourceTree = "<group>";
		};
		1E78488429F7CAED00D941C1 /* Starwars */ = {
			isa = PBXGroup;
			children = (
				1EE37A2729F91CDF0082DCD0 /* GraphQL */,
				1E7848C729F7D55F00D941C1 /* APIClient */,
				1E7848C629F7D55100D941C1 /* Models */,
				1E7848C329F7D3B900D941C1 /* Controllers */,
				1E91C5B329FA6FF5008288A0 /* ViewModel */,
				1E91C5B429FA70AE008288A0 /* View */,
				1E7848C429F7D40A00D941C1 /* Ressources */,
				1E78489029F7CAEF00D941C1 /* LaunchScreen.storyboard */,
				1E78489329F7CAEF00D941C1 /* Info.plist */,
			);
			path = Starwars;
			sourceTree = "<group>";
		};
		1E78489B29F7CAF000D941C1 /* StarwarsTests */ = {
			isa = PBXGroup;
			children = (
				1E78489C29F7CAF000D941C1 /* StarwarsTests.swift */,
			);
			path = StarwarsTests;
			sourceTree = "<group>";
		};
		1E7848A529F7CAF000D941C1 /* StarwarsUITests */ = {
			isa = PBXGroup;
			children = (
				1E7848A629F7CAF000D941C1 /* StarwarsUITests.swift */,
				1E7848A829F7CAF000D941C1 /* StarwarsUITestsLaunchTests.swift */,
			);
			path = StarwarsUITests;
			sourceTree = "<group>";
		};
		1E7848C329F7D3B900D941C1 /* Controllers */ = {
			isa = PBXGroup;
			children = (
				1E7848BD29F7D19400D941C1 /* TabBarController.swift */,
				1E7848BF29F7D25900D941C1 /* MenuViewController.swift */,
				1E7848C129F7D26B00D941C1 /* FavoriteViewController.swift */,
			);
			path = Controllers;
			sourceTree = "<group>";
		};
		1E7848C429F7D40A00D941C1 /* Ressources */ = {
			isa = PBXGroup;
			children = (
				1E78488529F7CAED00D941C1 /* AppDelegate.swift */,
				1E78488729F7CAED00D941C1 /* SceneDelegate.swift */,
				1E78488E29F7CAEF00D941C1 /* Assets.xcassets */,
			);
			path = Ressources;
			sourceTree = "<group>";
		};
		1E7848C629F7D55100D941C1 /* Models */ = {
			isa = PBXGroup;
			children = (
				1E91C5BD29FAAEC8008288A0 /* Film.swift */,
			);
			path = Models;
			sourceTree = "<group>";
		};
		1E7848C729F7D55F00D941C1 /* APIClient */ = {
			isa = PBXGroup;
			children = (
				1EFAEDDC29F80E490013022F /* Network.swift */,
			);
			path = APIClient;
			sourceTree = "<group>";
		};
		1E91C5B329FA6FF5008288A0 /* ViewModel */ = {
			isa = PBXGroup;
			children = (
				1E91C5B729FA7256008288A0 /* FilmsListViewViewModal.swift */,
				1E91C5B929FA9024008288A0 /* FilmsCollectionViewCellViewModal.swift */,
			);
			path = ViewModel;
			sourceTree = "<group>";
		};
		1E91C5B429FA70AE008288A0 /* View */ = {
			isa = PBXGroup;
			children = (
				1E91C5B529FA71C4008288A0 /* FilmsListView.swift */,
				1E91C5BB29FA9200008288A0 /* FilmsCollectionViewCell.swift */,
			);
			path = View;
			sourceTree = "<group>";
		};
		1EE37A2729F91CDF0082DCD0 /* GraphQL */ = {
			isa = PBXGroup;
			children = (
				23AE4D0229F9255900E09B3A /* GraphQL.graphql.swift */,
				23AE4CF029F9255900E09B3A /* Operations */,
				23AE4CF329F9255900E09B3A /* Schema */,
				1EE37A2A29F91CFF0082DCD0 /* apollo-codegen-config.json */,
				1EE37A2829F91CFF0082DCD0 /* GetAllFilms.graphql */,
				1EE37A2C29F91CFF0082DCD0 /* star-wars-swapi@current.graphqls */,
			);
			path = GraphQL;
			sourceTree = "<group>";
		};
		23AE4CF029F9255900E09B3A /* Operations */ = {
			isa = PBXGroup;
			children = (
				23AE4CF129F9255900E09B3A /* Queries */,
			);
			path = Operations;
			sourceTree = "<group>";
		};
		23AE4CF129F9255900E09B3A /* Queries */ = {
			isa = PBXGroup;
			children = (
				23AE4CF229F9255900E09B3A /* GetAllFilmsQuery.graphql.swift */,
			);
			path = Queries;
			sourceTree = "<group>";
		};
		23AE4CF329F9255900E09B3A /* Schema */ = {
			isa = PBXGroup;
			children = (
				23AE4CF429F9255900E09B3A /* Objects */,
				23AE4CFE29F9255900E09B3A /* SchemaConfiguration.swift */,
				23AE4CFF29F9255900E09B3A /* SchemaMetadata.graphql.swift */,
				23AE4D0029F9255900E09B3A /* Interfaces */,
			);
			path = Schema;
			sourceTree = "<group>";
		};
		23AE4CF429F9255900E09B3A /* Objects */ = {
			isa = PBXGroup;
			children = (
				23AE4CF529F9255900E09B3A /* Species.graphql.swift */,
				23AE4CF629F9255900E09B3A /* Person.graphql.swift */,
				23AE4CF729F9255900E09B3A /* Root.graphql.swift */,
				23AE4CF829F9255900E09B3A /* FilmsConnection.graphql.swift */,
				23AE4CF929F9255900E09B3A /* Starship.graphql.swift */,
				23AE4CFB29F9255900E09B3A /* Planet.graphql.swift */,
				23AE4CFC29F9255900E09B3A /* Vehicle.graphql.swift */,
				23AE4CFD29F9255900E09B3A /* Film.graphql.swift */,
			);
			path = Objects;
			sourceTree = "<group>";
		};
		23AE4D0029F9255900E09B3A /* Interfaces */ = {
			isa = PBXGroup;
			children = (
				23AE4D0129F9255900E09B3A /* Node.graphql.swift */,
			);
			path = Interfaces;
			sourceTree = "<group>";
		};
/* End PBXGroup section */

/* Begin PBXNativeTarget section */
		1E78488129F7CAED00D941C1 /* Starwars */ = {
			isa = PBXNativeTarget;
			buildConfigurationList = 1E7848AC29F7CAF000D941C1 /* Build configuration list for PBXNativeTarget "Starwars" */;
			buildPhases = (
				1E78487E29F7CAED00D941C1 /* Sources */,
				1E78487F29F7CAED00D941C1 /* Frameworks */,
				1E78488029F7CAED00D941C1 /* Resources */,
			);
			buildRules = (
			);
			dependencies = (
			);
			name = Starwars;
			packageProductDependencies = (
				1E7848BB29F7CD7900D941C1 /* ComposableArchitecture */,
				1E16F1A129F7E46400F7682B /* SnapKit */,
				1E16F1A429F7F4B400F7682B /* Apollo */,
			);
			productName = Starwars;
			productReference = 1E78488229F7CAED00D941C1 /* Starwars.app */;
			productType = "com.apple.product-type.application";
		};
		1E78489729F7CAF000D941C1 /* StarwarsTests */ = {
			isa = PBXNativeTarget;
			buildConfigurationList = 1E7848AF29F7CAF000D941C1 /* Build configuration list for PBXNativeTarget "StarwarsTests" */;
			buildPhases = (
				1E78489429F7CAF000D941C1 /* Sources */,
				1E78489529F7CAF000D941C1 /* Frameworks */,
				1E78489629F7CAF000D941C1 /* Resources */,
			);
			buildRules = (
			);
			dependencies = (
				1E78489A29F7CAF000D941C1 /* PBXTargetDependency */,
			);
			name = StarwarsTests;
			productName = StarwarsTests;
			productReference = 1E78489829F7CAF000D941C1 /* StarwarsTests.xctest */;
			productType = "com.apple.product-type.bundle.unit-test";
		};
		1E7848A129F7CAF000D941C1 /* StarwarsUITests */ = {
			isa = PBXNativeTarget;
			buildConfigurationList = 1E7848B229F7CAF000D941C1 /* Build configuration list for PBXNativeTarget "StarwarsUITests" */;
			buildPhases = (
				1E78489E29F7CAF000D941C1 /* Sources */,
				1E78489F29F7CAF000D941C1 /* Frameworks */,
				1E7848A029F7CAF000D941C1 /* Resources */,
			);
			buildRules = (
			);
			dependencies = (
				1E7848A429F7CAF000D941C1 /* PBXTargetDependency */,
			);
			name = StarwarsUITests;
			productName = StarwarsUITests;
			productReference = 1E7848A229F7CAF000D941C1 /* StarwarsUITests.xctest */;
			productType = "com.apple.product-type.bundle.ui-testing";
		};
/* End PBXNativeTarget section */

/* Begin PBXProject section */
		1E78487A29F7CAED00D941C1 /* Project object */ = {
			isa = PBXProject;
			attributes = {
				BuildIndependentTargetsInParallel = 1;
				LastSwiftUpdateCheck = 1420;
				LastUpgradeCheck = 1420;
				TargetAttributes = {
					1E78488129F7CAED00D941C1 = {
						CreatedOnToolsVersion = 14.2;
					};
					1E78489729F7CAF000D941C1 = {
						CreatedOnToolsVersion = 14.2;
						TestTargetID = 1E78488129F7CAED00D941C1;
					};
					1E7848A129F7CAF000D941C1 = {
						CreatedOnToolsVersion = 14.2;
						TestTargetID = 1E78488129F7CAED00D941C1;
					};
				};
			};
			buildConfigurationList = 1E78487D29F7CAED00D941C1 /* Build configuration list for PBXProject "Starwars" */;
			compatibilityVersion = "Xcode 14.0";
			developmentRegion = en;
			hasScannedForEncodings = 0;
			knownRegions = (
				en,
				Base,
			);
			mainGroup = 1E78487929F7CAED00D941C1;
			packageReferences = (
				1E7848BA29F7CD7900D941C1 /* XCRemoteSwiftPackageReference "swift-composable-architecture" */,
				1E16F1A029F7E46400F7682B /* XCRemoteSwiftPackageReference "SnapKit" */,
				1E16F1A329F7F4B400F7682B /* XCRemoteSwiftPackageReference "apollo-ios" */,
			);
			productRefGroup = 1E78488329F7CAED00D941C1 /* Products */;
			projectDirPath = "";
			projectRoot = "";
			targets = (
				1E78488129F7CAED00D941C1 /* Starwars */,
				1E78489729F7CAF000D941C1 /* StarwarsTests */,
				1E7848A129F7CAF000D941C1 /* StarwarsUITests */,
			);
		};
/* End PBXProject section */

/* Begin PBXResourcesBuildPhase section */
		1E78488029F7CAED00D941C1 /* Resources */ = {
			isa = PBXResourcesBuildPhase;
			buildActionMask = 2147483647;
			files = (
				234C8D1829F925EF0004AFA5 /* GetAllFilmsQuery.graphql.swift in Resources */,
				1EE37A3129F91CFF0082DCD0 /* star-wars-swapi@current.graphqls in Resources */,
				1E78489229F7CAEF00D941C1 /* LaunchScreen.storyboard in Resources */,
				1E78488F29F7CAEF00D941C1 /* Assets.xcassets in Resources */,
				1EE37A2F29F91CFF0082DCD0 /* apollo-codegen-config.json in Resources */,
				1EE37A2D29F91CFF0082DCD0 /* GetAllFilms.graphql in Resources */,
			);
			runOnlyForDeploymentPostprocessing = 0;
		};
		1E78489629F7CAF000D941C1 /* Resources */ = {
			isa = PBXResourcesBuildPhase;
			buildActionMask = 2147483647;
			files = (
			);
			runOnlyForDeploymentPostprocessing = 0;
		};
		1E7848A029F7CAF000D941C1 /* Resources */ = {
			isa = PBXResourcesBuildPhase;
			buildActionMask = 2147483647;
			files = (
			);
			runOnlyForDeploymentPostprocessing = 0;
		};
/* End PBXResourcesBuildPhase section */

/* Begin PBXSourcesBuildPhase section */
		1E78487E29F7CAED00D941C1 /* Sources */ = {
			isa = PBXSourcesBuildPhase;
			buildActionMask = 2147483647;
			files = (
				23AE4D1029F9255900E09B3A /* GraphQL.graphql.swift in Sources */,
				23AE4D0D29F9255900E09B3A /* SchemaConfiguration.swift in Sources */,
				1E7848C029F7D25900D941C1 /* MenuViewController.swift in Sources */,
				23AE4D0429F9255900E09B3A /* Species.graphql.swift in Sources */,
				23AE4D0C29F9255900E09B3A /* Film.graphql.swift in Sources */,
				23AE4D0329F9255900E09B3A /* GetAllFilmsQuery.graphql.swift in Sources */,
				23AE4D0A29F9255900E09B3A /* Planet.graphql.swift in Sources */,
				23AE4D0529F9255900E09B3A /* Person.graphql.swift in Sources */,
				23AE4D0829F9255900E09B3A /* Starship.graphql.swift in Sources */,
				23AE4D0B29F9255900E09B3A /* Vehicle.graphql.swift in Sources */,
				1E91C5BC29FA9200008288A0 /* FilmsCollectionViewCell.swift in Sources */,
				23AE4D0F29F9255900E09B3A /* Node.graphql.swift in Sources */,
				1E91C5BA29FA9024008288A0 /* FilmsCollectionViewCellViewModal.swift in Sources */,
				1E91C5BE29FAAEC8008288A0 /* Film.swift in Sources */,
				23AE4D0629F9255900E09B3A /* Root.graphql.swift in Sources */,
				1E7848C229F7D26B00D941C1 /* FavoriteViewController.swift in Sources */,
				1E7848BE29F7D19400D941C1 /* TabBarController.swift in Sources */,
				1E78488629F7CAED00D941C1 /* AppDelegate.swift in Sources */,
				1EFAEDDD29F80E490013022F /* Network.swift in Sources */,
				1E91C5B629FA71C4008288A0 /* FilmsListView.swift in Sources */,
				23AE4D0729F9255900E09B3A /* FilmsConnection.graphql.swift in Sources */,
				23AE4D0E29F9255900E09B3A /* SchemaMetadata.graphql.swift in Sources */,
				1E78488829F7CAED00D941C1 /* SceneDelegate.swift in Sources */,
				1E91C5B829FA7256008288A0 /* FilmsListViewViewModal.swift in Sources */,
			);
			runOnlyForDeploymentPostprocessing = 0;
		};
		1E78489429F7CAF000D941C1 /* Sources */ = {
			isa = PBXSourcesBuildPhase;
			buildActionMask = 2147483647;
			files = (
				1E78489D29F7CAF000D941C1 /* StarwarsTests.swift in Sources */,
			);
			runOnlyForDeploymentPostprocessing = 0;
		};
		1E78489E29F7CAF000D941C1 /* Sources */ = {
			isa = PBXSourcesBuildPhase;
			buildActionMask = 2147483647;
			files = (
				1E7848A929F7CAF000D941C1 /* StarwarsUITestsLaunchTests.swift in Sources */,
				1E7848A729F7CAF000D941C1 /* StarwarsUITests.swift in Sources */,
			);
			runOnlyForDeploymentPostprocessing = 0;
		};
/* End PBXSourcesBuildPhase section */

/* Begin PBXTargetDependency section */
		1E78489A29F7CAF000D941C1 /* PBXTargetDependency */ = {
			isa = PBXTargetDependency;
			target = 1E78488129F7CAED00D941C1 /* Starwars */;
			targetProxy = 1E78489929F7CAF000D941C1 /* PBXContainerItemProxy */;
		};
		1E7848A429F7CAF000D941C1 /* PBXTargetDependency */ = {
			isa = PBXTargetDependency;
			target = 1E78488129F7CAED00D941C1 /* Starwars */;
			targetProxy = 1E7848A329F7CAF000D941C1 /* PBXContainerItemProxy */;
		};
/* End PBXTargetDependency section */

/* Begin PBXVariantGroup section */
		1E78489029F7CAEF00D941C1 /* LaunchScreen.storyboard */ = {
			isa = PBXVariantGroup;
			children = (
				1E78489129F7CAEF00D941C1 /* Base */,
			);
			name = LaunchScreen.storyboard;
			sourceTree = "<group>";
		};
/* End PBXVariantGroup section */

/* Begin XCBuildConfiguration section */
		1E7848AA29F7CAF000D941C1 /* Debug */ = {
			isa = XCBuildConfiguration;
			buildSettings = {
				ALWAYS_SEARCH_USER_PATHS = NO;
				CLANG_ANALYZER_NONNULL = YES;
				CLANG_ANALYZER_NUMBER_OBJECT_CONVERSION = YES_AGGRESSIVE;
				CLANG_CXX_LANGUAGE_STANDARD = "gnu++20";
				CLANG_ENABLE_MODULES = YES;
				CLANG_ENABLE_OBJC_ARC = YES;
				CLANG_ENABLE_OBJC_WEAK = YES;
				CLANG_WARN_BLOCK_CAPTURE_AUTORELEASING = YES;
				CLANG_WARN_BOOL_CONVERSION = YES;
				CLANG_WARN_COMMA = YES;
				CLANG_WARN_CONSTANT_CONVERSION = YES;
				CLANG_WARN_DEPRECATED_OBJC_IMPLEMENTATIONS = YES;
				CLANG_WARN_DIRECT_OBJC_ISA_USAGE = YES_ERROR;
				CLANG_WARN_DOCUMENTATION_COMMENTS = YES;
				CLANG_WARN_EMPTY_BODY = YES;
				CLANG_WARN_ENUM_CONVERSION = YES;
				CLANG_WARN_INFINITE_RECURSION = YES;
				CLANG_WARN_INT_CONVERSION = YES;
				CLANG_WARN_NON_LITERAL_NULL_CONVERSION = YES;
				CLANG_WARN_OBJC_IMPLICIT_RETAIN_SELF = YES;
				CLANG_WARN_OBJC_LITERAL_CONVERSION = YES;
				CLANG_WARN_OBJC_ROOT_CLASS = YES_ERROR;
				CLANG_WARN_QUOTED_INCLUDE_IN_FRAMEWORK_HEADER = YES;
				CLANG_WARN_RANGE_LOOP_ANALYSIS = YES;
				CLANG_WARN_STRICT_PROTOTYPES = YES;
				CLANG_WARN_SUSPICIOUS_MOVE = YES;
				CLANG_WARN_UNGUARDED_AVAILABILITY = YES_AGGRESSIVE;
				CLANG_WARN_UNREACHABLE_CODE = YES;
				CLANG_WARN__DUPLICATE_METHOD_MATCH = YES;
				COPY_PHASE_STRIP = NO;
				DEBUG_INFORMATION_FORMAT = dwarf;
				ENABLE_STRICT_OBJC_MSGSEND = YES;
				ENABLE_TESTABILITY = YES;
				GCC_C_LANGUAGE_STANDARD = gnu11;
				GCC_DYNAMIC_NO_PIC = NO;
				GCC_NO_COMMON_BLOCKS = YES;
				GCC_OPTIMIZATION_LEVEL = 0;
				GCC_PREPROCESSOR_DEFINITIONS = (
					"DEBUG=1",
					"$(inherited)",
				);
				GCC_WARN_64_TO_32_BIT_CONVERSION = YES;
				GCC_WARN_ABOUT_RETURN_TYPE = YES_ERROR;
				GCC_WARN_UNDECLARED_SELECTOR = YES;
				GCC_WARN_UNINITIALIZED_AUTOS = YES_AGGRESSIVE;
				GCC_WARN_UNUSED_FUNCTION = YES;
				GCC_WARN_UNUSED_VARIABLE = YES;
				IPHONEOS_DEPLOYMENT_TARGET = 16.2;
				MTL_ENABLE_DEBUG_INFO = INCLUDE_SOURCE;
				MTL_FAST_MATH = YES;
				ONLY_ACTIVE_ARCH = YES;
				SDKROOT = iphoneos;
				SWIFT_ACTIVE_COMPILATION_CONDITIONS = DEBUG;
				SWIFT_OPTIMIZATION_LEVEL = "-Onone";
			};
			name = Debug;
		};
		1E7848AB29F7CAF000D941C1 /* Release */ = {
			isa = XCBuildConfiguration;
			buildSettings = {
				ALWAYS_SEARCH_USER_PATHS = NO;
				CLANG_ANALYZER_NONNULL = YES;
				CLANG_ANALYZER_NUMBER_OBJECT_CONVERSION = YES_AGGRESSIVE;
				CLANG_CXX_LANGUAGE_STANDARD = "gnu++20";
				CLANG_ENABLE_MODULES = YES;
				CLANG_ENABLE_OBJC_ARC = YES;
				CLANG_ENABLE_OBJC_WEAK = YES;
				CLANG_WARN_BLOCK_CAPTURE_AUTORELEASING = YES;
				CLANG_WARN_BOOL_CONVERSION = YES;
				CLANG_WARN_COMMA = YES;
				CLANG_WARN_CONSTANT_CONVERSION = YES;
				CLANG_WARN_DEPRECATED_OBJC_IMPLEMENTATIONS = YES;
				CLANG_WARN_DIRECT_OBJC_ISA_USAGE = YES_ERROR;
				CLANG_WARN_DOCUMENTATION_COMMENTS = YES;
				CLANG_WARN_EMPTY_BODY = YES;
				CLANG_WARN_ENUM_CONVERSION = YES;
				CLANG_WARN_INFINITE_RECURSION = YES;
				CLANG_WARN_INT_CONVERSION = YES;
				CLANG_WARN_NON_LITERAL_NULL_CONVERSION = YES;
				CLANG_WARN_OBJC_IMPLICIT_RETAIN_SELF = YES;
				CLANG_WARN_OBJC_LITERAL_CONVERSION = YES;
				CLANG_WARN_OBJC_ROOT_CLASS = YES_ERROR;
				CLANG_WARN_QUOTED_INCLUDE_IN_FRAMEWORK_HEADER = YES;
				CLANG_WARN_RANGE_LOOP_ANALYSIS = YES;
				CLANG_WARN_STRICT_PROTOTYPES = YES;
				CLANG_WARN_SUSPICIOUS_MOVE = YES;
				CLANG_WARN_UNGUARDED_AVAILABILITY = YES_AGGRESSIVE;
				CLANG_WARN_UNREACHABLE_CODE = YES;
				CLANG_WARN__DUPLICATE_METHOD_MATCH = YES;
				COPY_PHASE_STRIP = NO;
				DEBUG_INFORMATION_FORMAT = "dwarf-with-dsym";
				ENABLE_NS_ASSERTIONS = NO;
				ENABLE_STRICT_OBJC_MSGSEND = YES;
				GCC_C_LANGUAGE_STANDARD = gnu11;
				GCC_NO_COMMON_BLOCKS = YES;
				GCC_WARN_64_TO_32_BIT_CONVERSION = YES;
				GCC_WARN_ABOUT_RETURN_TYPE = YES_ERROR;
				GCC_WARN_UNDECLARED_SELECTOR = YES;
				GCC_WARN_UNINITIALIZED_AUTOS = YES_AGGRESSIVE;
				GCC_WARN_UNUSED_FUNCTION = YES;
				GCC_WARN_UNUSED_VARIABLE = YES;
				IPHONEOS_DEPLOYMENT_TARGET = 16.2;
				MTL_ENABLE_DEBUG_INFO = NO;
				MTL_FAST_MATH = YES;
				SDKROOT = iphoneos;
				SWIFT_COMPILATION_MODE = wholemodule;
				SWIFT_OPTIMIZATION_LEVEL = "-O";
				VALIDATE_PRODUCT = YES;
			};
			name = Release;
		};
		1E7848AD29F7CAF000D941C1 /* Debug */ = {
			isa = XCBuildConfiguration;
			buildSettings = {
				ASSETCATALOG_COMPILER_APPICON_NAME = AppIcon;
				ASSETCATALOG_COMPILER_GLOBAL_ACCENT_COLOR_NAME = AccentColor;
				CODE_SIGN_STYLE = Automatic;
				CURRENT_PROJECT_VERSION = 1;
				DEVELOPMENT_TEAM = 25HGHW838J;
				GENERATE_INFOPLIST_FILE = YES;
				INFOPLIST_FILE = Starwars/Info.plist;
				INFOPLIST_KEY_UIApplicationSupportsIndirectInputEvents = YES;
				INFOPLIST_KEY_UILaunchStoryboardName = LaunchScreen;
				INFOPLIST_KEY_UISupportedInterfaceOrientations_iPad = "UIInterfaceOrientationPortrait UIInterfaceOrientationPortraitUpsideDown UIInterfaceOrientationLandscapeLeft UIInterfaceOrientationLandscapeRight";
				INFOPLIST_KEY_UISupportedInterfaceOrientations_iPhone = "UIInterfaceOrientationPortrait UIInterfaceOrientationLandscapeLeft UIInterfaceOrientationLandscapeRight";
				LD_RUNPATH_SEARCH_PATHS = (
					"$(inherited)",
					"@executable_path/Frameworks",
				);
				MARKETING_VERSION = 1.0;
				PRODUCT_BUNDLE_IDENTIFIER = com.test.starwars.Starwars;
				PRODUCT_NAME = "$(TARGET_NAME)";
				SWIFT_EMIT_LOC_STRINGS = YES;
				SWIFT_VERSION = 5.0;
				TARGETED_DEVICE_FAMILY = "1,2";
			};
			name = Debug;
		};
		1E7848AE29F7CAF000D941C1 /* Release */ = {
			isa = XCBuildConfiguration;
			buildSettings = {
				ASSETCATALOG_COMPILER_APPICON_NAME = AppIcon;
				ASSETCATALOG_COMPILER_GLOBAL_ACCENT_COLOR_NAME = AccentColor;
				CODE_SIGN_STYLE = Automatic;
				CURRENT_PROJECT_VERSION = 1;
				DEVELOPMENT_TEAM = 25HGHW838J;
				GENERATE_INFOPLIST_FILE = YES;
				INFOPLIST_FILE = Starwars/Info.plist;
				INFOPLIST_KEY_UIApplicationSupportsIndirectInputEvents = YES;
				INFOPLIST_KEY_UILaunchStoryboardName = LaunchScreen;
				INFOPLIST_KEY_UISupportedInterfaceOrientations_iPad = "UIInterfaceOrientationPortrait UIInterfaceOrientationPortraitUpsideDown UIInterfaceOrientationLandscapeLeft UIInterfaceOrientationLandscapeRight";
				INFOPLIST_KEY_UISupportedInterfaceOrientations_iPhone = "UIInterfaceOrientationPortrait UIInterfaceOrientationLandscapeLeft UIInterfaceOrientationLandscapeRight";
				LD_RUNPATH_SEARCH_PATHS = (
					"$(inherited)",
					"@executable_path/Frameworks",
				);
				MARKETING_VERSION = 1.0;
				PRODUCT_BUNDLE_IDENTIFIER = com.test.starwars.Starwars;
				PRODUCT_NAME = "$(TARGET_NAME)";
				SWIFT_EMIT_LOC_STRINGS = YES;
				SWIFT_VERSION = 5.0;
				TARGETED_DEVICE_FAMILY = "1,2";
			};
			name = Release;
		};
		1E7848B029F7CAF000D941C1 /* Debug */ = {
			isa = XCBuildConfiguration;
			buildSettings = {
				ALWAYS_EMBED_SWIFT_STANDARD_LIBRARIES = YES;
				BUNDLE_LOADER = "$(TEST_HOST)";
				CODE_SIGN_STYLE = Automatic;
				CURRENT_PROJECT_VERSION = 1;
				GENERATE_INFOPLIST_FILE = YES;
				IPHONEOS_DEPLOYMENT_TARGET = 16.2;
				MARKETING_VERSION = 1.0;
				PRODUCT_BUNDLE_IDENTIFIER = com.test.starwars.StarwarsTests;
				PRODUCT_NAME = "$(TARGET_NAME)";
				SWIFT_EMIT_LOC_STRINGS = NO;
				SWIFT_VERSION = 5.0;
				TARGETED_DEVICE_FAMILY = "1,2";
				TEST_HOST = "$(BUILT_PRODUCTS_DIR)/Starwars.app/$(BUNDLE_EXECUTABLE_FOLDER_PATH)/Starwars";
			};
			name = Debug;
		};
		1E7848B129F7CAF000D941C1 /* Release */ = {
			isa = XCBuildConfiguration;
			buildSettings = {
				ALWAYS_EMBED_SWIFT_STANDARD_LIBRARIES = YES;
				BUNDLE_LOADER = "$(TEST_HOST)";
				CODE_SIGN_STYLE = Automatic;
				CURRENT_PROJECT_VERSION = 1;
				GENERATE_INFOPLIST_FILE = YES;
				IPHONEOS_DEPLOYMENT_TARGET = 16.2;
				MARKETING_VERSION = 1.0;
				PRODUCT_BUNDLE_IDENTIFIER = com.test.starwars.StarwarsTests;
				PRODUCT_NAME = "$(TARGET_NAME)";
				SWIFT_EMIT_LOC_STRINGS = NO;
				SWIFT_VERSION = 5.0;
				TARGETED_DEVICE_FAMILY = "1,2";
				TEST_HOST = "$(BUILT_PRODUCTS_DIR)/Starwars.app/$(BUNDLE_EXECUTABLE_FOLDER_PATH)/Starwars";
			};
			name = Release;
		};
		1E7848B329F7CAF000D941C1 /* Debug */ = {
			isa = XCBuildConfiguration;
			buildSettings = {
				ALWAYS_EMBED_SWIFT_STANDARD_LIBRARIES = YES;
				CODE_SIGN_STYLE = Automatic;
				CURRENT_PROJECT_VERSION = 1;
				GENERATE_INFOPLIST_FILE = YES;
				MARKETING_VERSION = 1.0;
				PRODUCT_BUNDLE_IDENTIFIER = com.test.starwars.StarwarsUITests;
				PRODUCT_NAME = "$(TARGET_NAME)";
				SWIFT_EMIT_LOC_STRINGS = NO;
				SWIFT_VERSION = 5.0;
				TARGETED_DEVICE_FAMILY = "1,2";
				TEST_TARGET_NAME = Starwars;
			};
			name = Debug;
		};
		1E7848B429F7CAF000D941C1 /* Release */ = {
			isa = XCBuildConfiguration;
			buildSettings = {
				ALWAYS_EMBED_SWIFT_STANDARD_LIBRARIES = YES;
				CODE_SIGN_STYLE = Automatic;
				CURRENT_PROJECT_VERSION = 1;
				GENERATE_INFOPLIST_FILE = YES;
				MARKETING_VERSION = 1.0;
				PRODUCT_BUNDLE_IDENTIFIER = com.test.starwars.StarwarsUITests;
				PRODUCT_NAME = "$(TARGET_NAME)";
				SWIFT_EMIT_LOC_STRINGS = NO;
				SWIFT_VERSION = 5.0;
				TARGETED_DEVICE_FAMILY = "1,2";
				TEST_TARGET_NAME = Starwars;
			};
			name = Release;
		};
/* End XCBuildConfiguration section */

/* Begin XCConfigurationList section */
		1E78487D29F7CAED00D941C1 /* Build configuration list for PBXProject "Starwars" */ = {
			isa = XCConfigurationList;
			buildConfigurations = (
				1E7848AA29F7CAF000D941C1 /* Debug */,
				1E7848AB29F7CAF000D941C1 /* Release */,
			);
			defaultConfigurationIsVisible = 0;
			defaultConfigurationName = Release;
		};
		1E7848AC29F7CAF000D941C1 /* Build configuration list for PBXNativeTarget "Starwars" */ = {
			isa = XCConfigurationList;
			buildConfigurations = (
				1E7848AD29F7CAF000D941C1 /* Debug */,
				1E7848AE29F7CAF000D941C1 /* Release */,
			);
			defaultConfigurationIsVisible = 0;
			defaultConfigurationName = Release;
		};
		1E7848AF29F7CAF000D941C1 /* Build configuration list for PBXNativeTarget "StarwarsTests" */ = {
			isa = XCConfigurationList;
			buildConfigurations = (
				1E7848B029F7CAF000D941C1 /* Debug */,
				1E7848B129F7CAF000D941C1 /* Release */,
			);
			defaultConfigurationIsVisible = 0;
			defaultConfigurationName = Release;
		};
		1E7848B229F7CAF000D941C1 /* Build configuration list for PBXNativeTarget "StarwarsUITests" */ = {
			isa = XCConfigurationList;
			buildConfigurations = (
				1E7848B329F7CAF000D941C1 /* Debug */,
				1E7848B429F7CAF000D941C1 /* Release */,
			);
			defaultConfigurationIsVisible = 0;
			defaultConfigurationName = Release;
		};
/* End XCConfigurationList section */

/* Begin XCRemoteSwiftPackageReference section */
		1E16F1A029F7E46400F7682B /* XCRemoteSwiftPackageReference "SnapKit" */ = {
			isa = XCRemoteSwiftPackageReference;
			repositoryURL = "https://github.com/SnapKit/SnapKit.git";
			requirement = {
				branch = develop;
				kind = branch;
			};
		};
		1E16F1A329F7F4B400F7682B /* XCRemoteSwiftPackageReference "apollo-ios" */ = {
			isa = XCRemoteSwiftPackageReference;
			repositoryURL = "https://github.com/apollographql/apollo-ios.git";
			requirement = {
				kind = exactVersion;
				version = 1.0.6;
			};
		};
		1E7848BA29F7CD7900D941C1 /* XCRemoteSwiftPackageReference "swift-composable-architecture" */ = {
			isa = XCRemoteSwiftPackageReference;
			repositoryURL = "https://github.com/pointfreeco/swift-composable-architecture";
			requirement = {
				kind = upToNextMajorVersion;
				minimumVersion = 0.9.0;
			};
		};
/* End XCRemoteSwiftPackageReference section */

/* Begin XCSwiftPackageProductDependency section */
		1E16F1A129F7E46400F7682B /* SnapKit */ = {
			isa = XCSwiftPackageProductDependency;
			package = 1E16F1A029F7E46400F7682B /* XCRemoteSwiftPackageReference "SnapKit" */;
			productName = SnapKit;
		};
		1E16F1A429F7F4B400F7682B /* Apollo */ = {
			isa = XCSwiftPackageProductDependency;
			package = 1E16F1A329F7F4B400F7682B /* XCRemoteSwiftPackageReference "apollo-ios" */;
			productName = Apollo;
		};
		1E7848BB29F7CD7900D941C1 /* ComposableArchitecture */ = {
			isa = XCSwiftPackageProductDependency;
			package = 1E7848BA29F7CD7900D941C1 /* XCRemoteSwiftPackageReference "swift-composable-architecture" */;
			productName = ComposableArchitecture;
		};
/* End XCSwiftPackageProductDependency section */
	};
	rootObject = 1E78487A29F7CAED00D941C1 /* Project object */;
}
